
Microsoft Visual Studio Solution File, Format Version 12.00
# Visual Studio Version 17
VisualStudioVersion = 17.14.36310.24
MinimumVisualStudioVersion = 10.0.40219.1
Project("{FAE04EC0-301F-11D3-BF4B-00C04F79EFBC}") = "rag_example_2", "rag_example_2\rag_example_2.csproj", "{3DD4771F-ED94-477F-BD1D-0744CBE20535}"
EndProject
Project("{FAE04EC0-301F-11D3-BF4B-00C04F79EFBC}") = "Rag_Api", "Rag_Api\Rag_Api.csproj", "{AF6E33E0-DF32-4C6E-9785-E2E46BF994EE}"
EndProject
Global
	GlobalSection(SolutionConfigurationPlatforms) = preSolution
		Debug|Any CPU = Debug|Any CPU
		Release|Any CPU = Release|Any CPU
	EndGlobalSection
	GlobalSection(ProjectConfigurationPlatforms) = postSolution
		{3DD4771F-ED94-477F-BD1D-0744CBE20535}.Debug|Any CPU.ActiveCfg = Debug|Any CPU
		{3DD4771F-ED94-477F-BD1D-0744CBE20535}.Debug|Any CPU.Build.0 = Debug|Any CPU
		{3DD4771F-ED94-477F-BD1D-0744CBE20535}.Release|Any CPU.ActiveCfg = Release|Any CPU
		{3DD4771F-ED94-477F-BD1D-0744CBE20535}.Release|Any CPU.Build.0 = Release|Any CPU
		{AF6E33E0-DF32-4C6E-9785-E2E46BF994EE}.Debug|Any CPU.ActiveCfg = Debug|Any CPU
		{AF6E33E0-DF32-4C6E-9785-E2E46BF994EE}.Debug|Any CPU.Build.0 = Debug|Any CPU
		{AF6E33E0-DF32-4C6E-9785-E2E46BF994EE}.Release|Any CPU.ActiveCfg = Release|Any CPU
		{AF6E33E0-DF32-4C6E-9785-E2E46BF994EE}.Release|Any CPU.Build.0 = Release|Any CPU
	EndGlobalSection
	GlobalSection(SolutionProperties) = preSolution
		HideSolutionNode = FALSE
	EndGlobalSection
	GlobalSection(ExtensibilityGlobals) = postSolution
		SolutionGuid = {E50C90AA-E712-4643-8864-CA9488F9FB1B}
	EndGlobalSection
EndGlobal
